
Microsoft Visual Studio Solution File, Format Version 12.00
# Visual Studio Version 17
VisualStudioVersion = 17.7.34024.191
MinimumVisualStudioVersion = 10.0.40219.1
Project("{FAE04EC0-301F-11D3-BF4B-00C04F79EFBC}") = "WebApiTravel", "WebApiTravel.csproj", "{5F6C246E-8D1D-4439-86FC-8E2946E1BE69}"
EndProject
Global
	GlobalSection(SolutionConfigurationPlatforms) = preSolution
		Debug|Any CPU = Debug|Any CPU
		Release|Any CPU = Release|Any CPU
	EndGlobalSection
	GlobalSection(ProjectConfigurationPlatforms) = postSolution
		{5F6C246E-8D1D-4439-86FC-8E2946E1BE69}.Debug|Any CPU.ActiveCfg = Debug|Any CPU
		{5F6C246E-8D1D-4439-86FC-8E2946E1BE69}.Debug|Any CPU.Build.0 = Debug|Any CPU
		{5F6C246E-8D1D-4439-86FC-8E2946E1BE69}.Release|Any CPU.ActiveCfg = Release|Any CPU
		{5F6C246E-8D1D-4439-86FC-8E2946E1BE69}.Release|Any CPU.Build.0 = Release|Any CPU
	EndGlobalSection
	GlobalSection(SolutionProperties) = preSolution
		HideSolutionNode = FALSE
	EndGlobalSection
	GlobalSection(ExtensibilityGlobals) = postSolution
		SolutionGuid = {1333CA31-514E-4063-86EA-B2123CFA13CC}
	EndGlobalSection
EndGlobal
